// !$*UTF8*$!
{
	archiveVersion = 1;
	classes = {
	};
	objectVersion = 46;
	objects = {

/* Begin PBXBuildFile section */
		EF8541521B8A917A004F7BB0 /* AppDelegate.swift in Sources */ = {isa = PBXBuildFile; fileRef = EF8541511B8A917A004F7BB0 /* AppDelegate.swift */; };
		EF8541541B8A917A004F7BB0 /* ViewController.swift in Sources */ = {isa = PBXBuildFile; fileRef = EF8541531B8A917A004F7BB0 /* ViewController.swift */; };
		EF8541571B8A917A004F7BB0 /* Main.storyboard in Resources */ = {isa = PBXBuildFile; fileRef = EF8541551B8A917A004F7BB0 /* Main.storyboard */; };
		EF8541591B8A917A004F7BB0 /* Images.xcassets in Resources */ = {isa = PBXBuildFile; fileRef = EF8541581B8A917A004F7BB0 /* Images.xcassets */; };
		EF85415C1B8A917A004F7BB0 /* LaunchScreen.xib in Resources */ = {isa = PBXBuildFile; fileRef = EF85415A1B8A917A004F7BB0 /* LaunchScreen.xib */; };
		EF8541681B8A917B004F7BB0 /* SmashTagTests.swift in Sources */ = {isa = PBXBuildFile; fileRef = EF8541671B8A917B004F7BB0 /* SmashTagTests.swift */; };
		EF8541721B8A926C004F7BB0 /* TweetTableViewController.swift in Sources */ = {isa = PBXBuildFile; fileRef = EF8541711B8A926C004F7BB0 /* TweetTableViewController.swift */; };
		EF85417A1B8A93B7004F7BB0 /* MediaItem.swift in Sources */ = {isa = PBXBuildFile; fileRef = EF8541761B8A93B7004F7BB0 /* MediaItem.swift */; };
		EF85417B1B8A93B7004F7BB0 /* Tweet.swift in Sources */ = {isa = PBXBuildFile; fileRef = EF8541771B8A93B7004F7BB0 /* Tweet.swift */; };
		EF85417C1B8A93B7004F7BB0 /* TwitterRequest.swift in Sources */ = {isa = PBXBuildFile; fileRef = EF8541781B8A93B7004F7BB0 /* TwitterRequest.swift */; };
		EF85417D1B8A93B7004F7BB0 /* User.swift in Sources */ = {isa = PBXBuildFile; fileRef = EF8541791B8A93B7004F7BB0 /* User.swift */; };
		EF85417F1B8AA4FF004F7BB0 /* TweetCell.swift in Sources */ = {isa = PBXBuildFile; fileRef = EF85417E1B8AA4FF004F7BB0 /* TweetCell.swift */; };
		EFE7F9111B8BDDD600AFF0FF /* ImageCache.swift in Sources */ = {isa = PBXBuildFile; fileRef = EFE7F9101B8BDDD600AFF0FF /* ImageCache.swift */; };
/* End PBXBuildFile section */

/* Begin PBXContainerItemProxy section */
		EF8541621B8A917A004F7BB0 /* PBXContainerItemProxy */ = {
			isa = PBXContainerItemProxy;
			containerPortal = EF8541441B8A917A004F7BB0 /* Project object */;
			proxyType = 1;
			remoteGlobalIDString = EF85414B1B8A917A004F7BB0;
			remoteInfo = SmashTag;
		};
/* End PBXContainerItemProxy section */

/* Begin PBXFileReference section */
		EF85414C1B8A917A004F7BB0 /* SmashTag.app */ = {isa = PBXFileReference; explicitFileType = wrapper.application; includeInIndex = 0; path = SmashTag.app; sourceTree = BUILT_PRODUCTS_DIR; };
		EF8541501B8A917A004F7BB0 /* Info.plist */ = {isa = PBXFileReference; lastKnownFileType = text.plist.xml; path = Info.plist; sourceTree = "<group>"; };
		EF8541511B8A917A004F7BB0 /* AppDelegate.swift */ = {isa = PBXFileReference; lastKnownFileType = sourcecode.swift; path = AppDelegate.swift; sourceTree = "<group>"; };
		EF8541531B8A917A004F7BB0 /* ViewController.swift */ = {isa = PBXFileReference; lastKnownFileType = sourcecode.swift; path = ViewController.swift; sourceTree = "<group>"; };
		EF8541561B8A917A004F7BB0 /* Base */ = {isa = PBXFileReference; lastKnownFileType = file.storyboard; name = Base; path = Base.lproj/Main.storyboard; sourceTree = "<group>"; };
		EF8541581B8A917A004F7BB0 /* Images.xcassets */ = {isa = PBXFileReference; lastKnownFileType = folder.assetcatalog; path = Images.xcassets; sourceTree = "<group>"; };
		EF85415B1B8A917A004F7BB0 /* Base */ = {isa = PBXFileReference; lastKnownFileType = file.xib; name = Base; path = Base.lproj/LaunchScreen.xib; sourceTree = "<group>"; };
		EF8541611B8A917A004F7BB0 /* SmashTagTests.xctest */ = {isa = PBXFileReference; explicitFileType = wrapper.cfbundle; includeInIndex = 0; path = SmashTagTests.xctest; sourceTree = BUILT_PRODUCTS_DIR; };
		EF8541661B8A917B004F7BB0 /* Info.plist */ = {isa = PBXFileReference; lastKnownFileType = text.plist.xml; path = Info.plist; sourceTree = "<group>"; };
		EF8541671B8A917B004F7BB0 /* SmashTagTests.swift */ = {isa = PBXFileReference; lastKnownFileType = sourcecode.swift; path = SmashTagTests.swift; sourceTree = "<group>"; };
		EF8541711B8A926C004F7BB0 /* TweetTableViewController.swift */ = {isa = PBXFileReference; fileEncoding = 4; lastKnownFileType = sourcecode.swift; path = TweetTableViewController.swift; sourceTree = "<group>"; };
		EF8541761B8A93B7004F7BB0 /* MediaItem.swift */ = {isa = PBXFileReference; fileEncoding = 4; lastKnownFileType = sourcecode.swift; path = MediaItem.swift; sourceTree = "<group>"; };
		EF8541771B8A93B7004F7BB0 /* Tweet.swift */ = {isa = PBXFileReference; fileEncoding = 4; lastKnownFileType = sourcecode.swift; path = Tweet.swift; sourceTree = "<group>"; };
		EF8541781B8A93B7004F7BB0 /* TwitterRequest.swift */ = {isa = PBXFileReference; fileEncoding = 4; lastKnownFileType = sourcecode.swift; path = TwitterRequest.swift; sourceTree = "<group>"; };
		EF8541791B8A93B7004F7BB0 /* User.swift */ = {isa = PBXFileReference; fileEncoding = 4; lastKnownFileType = sourcecode.swift; path = User.swift; sourceTree = "<group>"; };
		EF85417E1B8AA4FF004F7BB0 /* TweetCell.swift */ = {isa = PBXFileReference; fileEncoding = 4; lastKnownFileType = sourcecode.swift; path = TweetCell.swift; sourceTree = "<group>"; };
		EFE7F9101B8BDDD600AFF0FF /* ImageCache.swift */ = {isa = PBXFileReference; fileEncoding = 4; lastKnownFileType = sourcecode.swift; path = ImageCache.swift; sourceTree = "<group>"; };
/* End PBXFileReference section */

/* Begin PBXFrameworksBuildPhase section */
		EF8541491B8A917A004F7BB0 /* Frameworks */ = {
			isa = PBXFrameworksBuildPhase;
			buildActionMask = 2147483647;
			files = (
			);
			runOnlyForDeploymentPostprocessing = 0;
		};
		EF85415E1B8A917A004F7BB0 /* Frameworks */ = {
			isa = PBXFrameworksBuildPhase;
			buildActionMask = 2147483647;
			files = (
			);
			runOnlyForDeploymentPostprocessing = 0;
		};
/* End PBXFrameworksBuildPhase section */

/* Begin PBXGroup section */
		EF8541431B8A917A004F7BB0 = {
			isa = PBXGroup;
			children = (
				EF85414E1B8A917A004F7BB0 /* SmashTag */,
				EF8541641B8A917A004F7BB0 /* SmashTagTests */,
				EF85414D1B8A917A004F7BB0 /* Products */,
			);
			sourceTree = "<group>";
		};
		EF85414D1B8A917A004F7BB0 /* Products */ = {
			isa = PBXGroup;
			children = (
				EF85414C1B8A917A004F7BB0 /* SmashTag.app */,
				EF8541611B8A917A004F7BB0 /* SmashTagTests.xctest */,
			);
			name = Products;
			sourceTree = "<group>";
		};
		EF85414E1B8A917A004F7BB0 /* SmashTag */ = {
			isa = PBXGroup;
			children = (
				EF8541531B8A917A004F7BB0 /* ViewController.swift */,
				EF8541551B8A917A004F7BB0 /* Main.storyboard */,
				EF85417E1B8AA4FF004F7BB0 /* TweetCell.swift */,
				EFE7F9101B8BDDD600AFF0FF /* ImageCache.swift */,
				EF8541711B8A926C004F7BB0 /* TweetTableViewController.swift */,
				EF8541751B8A93B7004F7BB0 /* Twitter */,
				EF85414F1B8A917A004F7BB0 /* Supporting Files */,
			);
			path = SmashTag;
			sourceTree = "<group>";
		};
		EF85414F1B8A917A004F7BB0 /* Supporting Files */ = {
			isa = PBXGroup;
			children = (
				EF85415A1B8A917A004F7BB0 /* LaunchScreen.xib */,
				EF8541581B8A917A004F7BB0 /* Images.xcassets */,
				EF8541511B8A917A004F7BB0 /* AppDelegate.swift */,
				EF8541501B8A917A004F7BB0 /* Info.plist */,
			);
			name = "Supporting Files";
			sourceTree = "<group>";
		};
		EF8541641B8A917A004F7BB0 /* SmashTagTests */ = {
			isa = PBXGroup;
			children = (
				EF8541671B8A917B004F7BB0 /* SmashTagTests.swift */,
				EF8541651B8A917A004F7BB0 /* Supporting Files */,
			);
			path = SmashTagTests;
			sourceTree = "<group>";
		};
		EF8541651B8A917A004F7BB0 /* Supporting Files */ = {
			isa = PBXGroup;
			children = (
				EF8541661B8A917B004F7BB0 /* Info.plist */,
			);
			name = "Supporting Files";
			sourceTree = "<group>";
		};
		EF8541751B8A93B7004F7BB0 /* Twitter */ = {
			isa = PBXGroup;
			children = (
				EF8541761B8A93B7004F7BB0 /* MediaItem.swift */,
				EF8541771B8A93B7004F7BB0 /* Tweet.swift */,
				EF8541781B8A93B7004F7BB0 /* TwitterRequest.swift */,
				EF8541791B8A93B7004F7BB0 /* User.swift */,
			);
			path = Twitter;
			sourceTree = "<group>";
		};
/* End PBXGroup section */

/* Begin PBXNativeTarget section */
		EF85414B1B8A917A004F7BB0 /* SmashTag */ = {
			isa = PBXNativeTarget;
			buildConfigurationList = EF85416B1B8A917B004F7BB0 /* Build configuration list for PBXNativeTarget "SmashTag" */;
			buildPhases = (
				EF8541481B8A917A004F7BB0 /* Sources */,
				EF8541491B8A917A004F7BB0 /* Frameworks */,
				EF85414A1B8A917A004F7BB0 /* Resources */,
			);
			buildRules = (
			);
			dependencies = (
			);
			name = SmashTag;
			productName = SmashTag;
			productReference = EF85414C1B8A917A004F7BB0 /* SmashTag.app */;
			productType = "com.apple.product-type.application";
		};
		EF8541601B8A917A004F7BB0 /* SmashTagTests */ = {
			isa = PBXNativeTarget;
			buildConfigurationList = EF85416E1B8A917B004F7BB0 /* Build configuration list for PBXNativeTarget "SmashTagTests" */;
			buildPhases = (
				EF85415D1B8A917A004F7BB0 /* Sources */,
				EF85415E1B8A917A004F7BB0 /* Frameworks */,
				EF85415F1B8A917A004F7BB0 /* Resources */,
			);
			buildRules = (
			);
			dependencies = (
				EF8541631B8A917A004F7BB0 /* PBXTargetDependency */,
			);
			name = SmashTagTests;
			productName = SmashTagTests;
			productReference = EF8541611B8A917A004F7BB0 /* SmashTagTests.xctest */;
			productType = "com.apple.product-type.bundle.unit-test";
		};
/* End PBXNativeTarget section */

/* Begin PBXProject section */
		EF8541441B8A917A004F7BB0 /* Project object */ = {
			isa = PBXProject;
			attributes = {
				LastUpgradeCheck = 0640;
				ORGANIZATIONNAME = "Todd Laney";
				TargetAttributes = {
					EF85414B1B8A917A004F7BB0 = {
						CreatedOnToolsVersion = 6.4;
					};
					EF8541601B8A917A004F7BB0 = {
						CreatedOnToolsVersion = 6.4;
						TestTargetID = EF85414B1B8A917A004F7BB0;
					};
				};
			};
			buildConfigurationList = EF8541471B8A917A004F7BB0 /* Build configuration list for PBXProject "SmashTag" */;
			compatibilityVersion = "Xcode 3.2";
			developmentRegion = English;
			hasScannedForEncodings = 0;
			knownRegions = (
				en,
				Base,
			);
			mainGroup = EF8541431B8A917A004F7BB0;
			productRefGroup = EF85414D1B8A917A004F7BB0 /* Products */;
			projectDirPath = "";
			projectRoot = "";
			targets = (
				EF85414B1B8A917A004F7BB0 /* SmashTag */,
				EF8541601B8A917A004F7BB0 /* SmashTagTests */,
			);
		};
/* End PBXProject section */

/* Begin PBXResourcesBuildPhase section */
		EF85414A1B8A917A004F7BB0 /* Resources */ = {
			isa = PBXResourcesBuildPhase;
			buildActionMask = 2147483647;
			files = (
				EF8541571B8A917A004F7BB0 /* Main.storyboard in Resources */,
				EF85415C1B8A917A004F7BB0 /* LaunchScreen.xib in Resources */,
				EF8541591B8A917A004F7BB0 /* Images.xcassets in Resources */,
			);
			runOnlyForDeploymentPostprocessing = 0;
		};
		EF85415F1B8A917A004F7BB0 /* Resources */ = {
			isa = PBXResourcesBuildPhase;
			buildActionMask = 2147483647;
			files = (
			);
			runOnlyForDeploymentPostprocessing = 0;
		};
/* End PBXResourcesBuildPhase section */

/* Begin PBXSourcesBuildPhase section */
		EF8541481B8A917A004F7BB0 /* Sources */ = {
			isa = PBXSourcesBuildPhase;
			buildActionMask = 2147483647;
			files = (
				EF8541721B8A926C004F7BB0 /* TweetTableViewController.swift in Sources */,
				EF85417B1B8A93B7004F7BB0 /* Tweet.swift in Sources */,
				EF85417A1B8A93B7004F7BB0 /* MediaItem.swift in Sources */,
				EFE7F9111B8BDDD600AFF0FF /* ImageCache.swift in Sources */,
				EF85417F1B8AA4FF004F7BB0 /* TweetCell.swift in Sources */,
				EF8541541B8A917A004F7BB0 /* ViewController.swift in Sources */,
				EF8541521B8A917A004F7BB0 /* AppDelegate.swift in Sources */,
				EF85417C1B8A93B7004F7BB0 /* TwitterRequest.swift in Sources */,
				EF85417D1B8A93B7004F7BB0 /* User.swift in Sources */,
			);
			runOnlyForDeploymentPostprocessing = 0;
		};
		EF85415D1B8A917A004F7BB0 /* Sources */ = {
			isa = PBXSourcesBuildPhase;
			buildActionMask = 2147483647;
			files = (
				EF8541681B8A917B004F7BB0 /* SmashTagTests.swift in Sources */,
			);
			runOnlyForDeploymentPostprocessing = 0;
		};
/* End PBXSourcesBuildPhase section */

/* Begin PBXTargetDependency section */
		EF8541631B8A917A004F7BB0 /* PBXTargetDependency */ = {
			isa = PBXTargetDependency;
			target = EF85414B1B8A917A004F7BB0 /* SmashTag */;
			targetProxy = EF8541621B8A917A004F7BB0 /* PBXContainerItemProxy */;
		};
/* End PBXTargetDependency section */

/* Begin PBXVariantGroup section */
		EF8541551B8A917A004F7BB0 /* Main.storyboard */ = {
			isa = PBXVariantGroup;
			children = (
				EF8541561B8A917A004F7BB0 /* Base */,
			);
			name = Main.storyboard;
			sourceTree = "<group>";
		};
		EF85415A1B8A917A004F7BB0 /* LaunchScreen.xib */ = {
			isa = PBXVariantGroup;
			children = (
				EF85415B1B8A917A004F7BB0 /* Base */,
			);
			name = LaunchScreen.xib;
			sourceTree = "<group>";
		};
/* End PBXVariantGroup section */

/* Begin XCBuildConfiguration section */
		EF8541691B8A917B004F7BB0 /* Debug */ = {
			isa = XCBuildConfiguration;
			buildSettings = {
				ALWAYS_SEARCH_USER_PATHS = NO;
				CLANG_CXX_LANGUAGE_STANDARD = "gnu++0x";
				CLANG_CXX_LIBRARY = "libc++";
				CLANG_ENABLE_MODULES = YES;
				CLANG_ENABLE_OBJC_ARC = YES;
				CLANG_WARN_BOOL_CONVERSION = YES;
				CLANG_WARN_CONSTANT_CONVERSION = YES;
				CLANG_WARN_DIRECT_OBJC_ISA_USAGE = YES_ERROR;
				CLANG_WARN_EMPTY_BODY = YES;
				CLANG_WARN_ENUM_CONVERSION = YES;
				CLANG_WARN_INT_CONVERSION = YES;
				CLANG_WARN_OBJC_ROOT_CLASS = YES_ERROR;
				CLANG_WARN_UNREACHABLE_CODE = YES;
				CLANG_WARN__DUPLICATE_METHOD_MATCH = YES;
				"CODE_SIGN_IDENTITY[sdk=iphoneos*]" = "iPhone Developer";
				COPY_PHASE_STRIP = NO;
				DEBUG_INFORMATION_FORMAT = "dwarf-with-dsym";
				ENABLE_STRICT_OBJC_MSGSEND = YES;
				GCC_C_LANGUAGE_STANDARD = gnu99;
				GCC_DYNAMIC_NO_PIC = NO;
				GCC_NO_COMMON_BLOCKS = YES;
				GCC_OPTIMIZATION_LEVEL = 0;
				GCC_PREPROCESSOR_DEFINITIONS = (
					"DEBUG=1",
					"$(inherited)",
				);
				GCC_SYMBOLS_PRIVATE_EXTERN = NO;
				GCC_WARN_64_TO_32_BIT_CONVERSION = YES;
				GCC_WARN_ABOUT_RETURN_TYPE = YES_ERROR;
				GCC_WARN_UNDECLARED_SELECTOR = YES;
				GCC_WARN_UNINITIALIZED_AUTOS = YES_AGGRESSIVE;
				GCC_WARN_UNUSED_FUNCTION = YES;
				GCC_WARN_UNUSED_VARIABLE = YES;
				IPHONEOS_DEPLOYMENT_TARGET = 8.4;
				MTL_ENABLE_DEBUG_INFO = YES;
				ONLY_ACTIVE_ARCH = YES;
				SDKROOT = iphoneos;
				SWIFT_OPTIMIZATION_LEVEL = "-Onone";
				TARGETED_DEVICE_FAMILY = "1,2";
			};
			name = Debug;
		};
		EF85416A1B8A917B004F7BB0 /* Release */ = {
			isa = XCBuildConfiguration;
			buildSettings = {
				ALWAYS_SEARCH_USER_PATHS = NO;
				CLANG_CXX_LANGUAGE_STANDARD = "gnu++0x";
				CLANG_CXX_LIBRARY = "libc++";
				CLANG_ENABLE_MODULES = YES;
				CLANG_ENABLE_OBJC_ARC = YES;
				CLANG_WARN_BOOL_CONVERSION = YES;
				CLANG_WARN_CONSTANT_CONVERSION = YES;
				CLANG_WARN_DIRECT_OBJC_ISA_USAGE = YES_ERROR;
				CLANG_WARN_EMPTY_BODY = YES;
				CLANG_WARN_ENUM_CONVERSION = YES;
				CLANG_WARN_INT_CONVERSION = YES;
				CLANG_WARN_OBJC_ROOT_CLASS = YES_ERROR;
				CLANG_WARN_UNREACHABLE_CODE = YES;
				CLANG_WARN__DUPLICATE_METHOD_MATCH = YES;
				"CODE_SIGN_IDENTITY[sdk=iphoneos*]" = "iPhone Developer";
				COPY_PHASE_STRIP = NO;
				DEBUG_INFORMATION_FORMAT = "dwarf-with-dsym";
				ENABLE_NS_ASSERTIONS = NO;
				ENABLE_STRICT_OBJC_MSGSEND = YES;
				GCC_C_LANGUAGE_STANDARD = gnu99;
				GCC_NO_COMMON_BLOCKS = YES;
				GCC_WARN_64_TO_32_BIT_CONVERSION = YES;
				GCC_WARN_ABOUT_RETURN_TYPE = YES_ERROR;
				GCC_WARN_UNDECLARED_SELECTOR = YES;
				GCC_WARN_UNINITIALIZED_AUTOS = YES_AGGRESSIVE;
				GCC_WARN_UNUSED_FUNCTION = YES;
				GCC_WARN_UNUSED_VARIABLE = YES;
				IPHONEOS_DEPLOYMENT_TARGET = 8.4;
				MTL_ENABLE_DEBUG_INFO = NO;
				SDKROOT = iphoneos;
				TARGETED_DEVICE_FAMILY = "1,2";
				VALIDATE_PRODUCT = YES;
			};
			name = Release;
		};
		EF85416C1B8A917B004F7BB0 /* Debug */ = {
			isa = XCBuildConfiguration;
			buildSettings = {
				ASSETCATALOG_COMPILER_APPICON_NAME = AppIcon;
				INFOPLIST_FILE = SmashTag/Info.plist;
				LD_RUNPATH_SEARCH_PATHS = "$(inherited) @executable_path/Frameworks";
				PRODUCT_NAME = "$(TARGET_NAME)";
			};
			name = Debug;
		};
		EF85416D1B8A917B004F7BB0 /* Release */ = {
			isa = XCBuildConfiguration;
			buildSettings = {
				ASSETCATALOG_COMPILER_APPICON_NAME = AppIcon;
				INFOPLIST_FILE = SmashTag/Info.plist;
				LD_RUNPATH_SEARCH_PATHS = "$(inherited) @executable_path/Frameworks";
				PRODUCT_NAME = "$(TARGET_NAME)";
			};
			name = Release;
		};
		EF85416F1B8A917B004F7BB0 /* Debug */ = {
			isa = XCBuildConfiguration;
			buildSettings = {
				BUNDLE_LOADER = "$(TEST_HOST)";
				FRAMEWORK_SEARCH_PATHS = (
					"$(SDKROOT)/Developer/Library/Frameworks",
					"$(inherited)",
				);
				GCC_PREPROCESSOR_DEFINITIONS = (
					"DEBUG=1",
					"$(inherited)",
				);
				INFOPLIST_FILE = SmashTagTests/Info.plist;
				LD_RUNPATH_SEARCH_PATHS = "$(inherited) @executable_path/Frameworks @loader_path/Frameworks";
				PRODUCT_NAME = "$(TARGET_NAME)";
				TEST_HOST = "$(BUILT_PRODUCTS_DIR)/SmashTag.app/SmashTag";
			};
			name = Debug;
		};
		EF8541701B8A917B004F7BB0 /* Release */ = {
			isa = XCBuildConfiguration;
			buildSettings = {
				BUNDLE_LOADER = "$(TEST_HOST)";
				FRAMEWORK_SEARCH_PATHS = (
					"$(SDKROOT)/Developer/Library/Frameworks",
					"$(inherited)",
				);
				INFOPLIST_FILE = SmashTagTests/Info.plist;
				LD_RUNPATH_SEARCH_PATHS = "$(inherited) @executable_path/Frameworks @loader_path/Frameworks";
				PRODUCT_NAME = "$(TARGET_NAME)";
				TEST_HOST = "$(BUILT_PRODUCTS_DIR)/SmashTag.app/SmashTag";
			};
			name = Release;
		};
/* End XCBuildConfiguration section */

/* Begin XCConfigurationList section */
		EF8541471B8A917A004F7BB0 /* Build configuration list for PBXProject "SmashTag" */ = {
			isa = XCConfigurationList;
			buildConfigurations = (
				EF8541691B8A917B004F7BB0 /* Debug */,
				EF85416A1B8A917B004F7BB0 /* Release */,
			);
			defaultConfigurationIsVisible = 0;
			defaultConfigurationName = Release;
		};
		EF85416B1B8A917B004F7BB0 /* Build configuration list for PBXNativeTarget "SmashTag" */ = {
			isa = XCConfigurationList;
			buildConfigurations = (
				EF85416C1B8A917B004F7BB0 /* Debug */,
				EF85416D1B8A917B004F7BB0 /* Release */,
			);
			defaultConfigurationIsVisible = 0;
			defaultConfigurationName = Release;
		};
		EF85416E1B8A917B004F7BB0 /* Build configuration list for PBXNativeTarget "SmashTagTests" */ = {
			isa = XCConfigurationList;
			buildConfigurations = (
				EF85416F1B8A917B004F7BB0 /* Debug */,
				EF8541701B8A917B004F7BB0 /* Release */,
			);
			defaultConfigurationIsVisible = 0;
			defaultConfigurationName = Release;
		};
/* End XCConfigurationList section */
	};
	rootObject = EF8541441B8A917A004F7BB0 /* Project object */;
}
